# This file was autogenerated by Stack.
# You should not edit this file by hand.
# For more information, please see the documentation at:
#   https://docs.haskellstack.org/en/stable/lock_files

packages:
- completed:
    hackage: base-prelude-1.4@sha256:feea99326853023fa9f908308383a7f9802e40f2d241b83dac57b266b202bda6,1412
    pantry-tree:
      size: 271
      sha256: 89c097b83439c4b044b6ae8e43e6cee790ac12ab51cd9f47273b38237fd69eea
  original:
    hackage: base-prelude-1.4
- completed:
    hackage: opaleye-0.7.1.0@sha256:38c3b7f33144eae428f24b277e9de7ec0c5b9dc8ed3b55c3e2078cf4acb5c893,6145
    pantry-tree:
      size: 5907
      sha256: 97b671f28bac28a6dacad1c621059eac5667e306a406e8e8967eb204cb827aca
  original:
    hackage: opaleye-0.7.1.0
- completed:
    hackage: wai-middleware-metrics-0.2.4@sha256:d6b6916acd41aaef4ca59a839d40a3a377f9df784ae49fd4c64926ae916b6ba2,2890
    pantry-tree:
      size: 330
      sha256: 99366b831109417cd8e739fb45e9fd214cb79f28a507f8154e5528120042d0ac
  original:
    hackage: wai-middleware-metrics-0.2.4
snapshots:
- completed:
    size: 532414
    url: https://raw.githubusercontent.com/commercialhaskell/stackage-snapshots/master/lts/16/22.yaml
    sha256: e483fb88549fc0f454c190979bf35ac91c7aceff2c0e71e7d8edd11842d772d8
  original: lts-16.22
